
Microsoft Visual Studio Solution File, Format Version 12.00
Project("{FAE04EC0-301F-11D3-BF4B-00C04F79EFBC}") = "CompanyManagement", "CompanyManagement\CompanyManagement.csproj", "{F62E3BC9-9846-4B4E-A6D0-D98477A636F6}"
EndProject
Project("{FAE04EC0-301F-11D3-BF4B-00C04F79EFBC}") = "CompanyManagementTest", "CompanyManagementTest\CompanyManagementTest.csproj", "{5E32CD86-37EC-475A-B275-4B127BE86B12}"
EndProject
Global
	GlobalSection(SolutionConfigurationPlatforms) = preSolution
		Debug|Any CPU = Debug|Any CPU
		Release|Any CPU = Release|Any CPU
	EndGlobalSection
	GlobalSection(ProjectConfigurationPlatforms) = postSolution
		{F62E3BC9-9846-4B4E-A6D0-D98477A636F6}.Debug|Any CPU.ActiveCfg = Debug|Any CPU
		{F62E3BC9-9846-4B4E-A6D0-D98477A636F6}.Debug|Any CPU.Build.0 = Debug|Any CPU
		{F62E3BC9-9846-4B4E-A6D0-D98477A636F6}.Release|Any CPU.ActiveCfg = Release|Any CPU
		{F62E3BC9-9846-4B4E-A6D0-D98477A636F6}.Release|Any CPU.Build.0 = Release|Any CPU
		{5E32CD86-37EC-475A-B275-4B127BE86B12}.Debug|Any CPU.ActiveCfg = Debug|Any CPU
		{5E32CD86-37EC-475A-B275-4B127BE86B12}.Debug|Any CPU.Build.0 = Debug|Any CPU
		{5E32CD86-37EC-475A-B275-4B127BE86B12}.Release|Any CPU.ActiveCfg = Release|Any CPU
		{5E32CD86-37EC-475A-B275-4B127BE86B12}.Release|Any CPU.Build.0 = Release|Any CPU
	EndGlobalSection
EndGlobal
